
Microsoft Visual Studio Solution File, Format Version 12.00
# Visual Studio Version 17
VisualStudioVersion = 17.0.31903.59
MinimumVisualStudioVersion = 10.0.40219.1
Project("{2150E333-8FDC-42A3-9474-1A3956D46DE8}") = "src", "src", "{827E0CD3-B72D-47B6-A68D-7590B98EB39B}"
EndProject
Project("{2150E333-8FDC-42A3-9474-1A3956D46DE8}") = "Services", "Services", "{F8B8E7B2-3D5C-4A1E-9F2B-6C8D1E4F7A9C}"
EndProject
Project("{FAE04EC0-301F-11D3-BF4B-00C04F79EFBC}") = "HomeManager.TodoService", "src\Services\HomeManager.TodoService\HomeManager.TodoService.csproj", "{A506E511-CABE-4133-9B45-722D233B44E7}"
EndProject
Project("{2150E333-8FDC-42A3-9474-1A3956D46DE8}") = "tests", "tests", "{0AB3BF05-4346-4AA6-1389-037BE0695223}"
EndProject
Project("{2150E333-8FDC-42A3-9474-1A3956D46DE8}") = "Services", "Services", "{D9E4F7A2-6B1C-4E8F-9A3D-5C7E9F2B4A6E}"
EndProject
Project("{FAE04EC0-301F-11D3-BF4B-00C04F79EFBC}") = "HomeManager.TodoService.Tests", "tests\Services\HomeManager.TodoService.Tests\HomeManager.TodoService.Tests.csproj", "{0375EFD6-86B5-4B5A-9A48-A518FA3D44EA}"
EndProject
Global
	GlobalSection(SolutionConfigurationPlatforms) = preSolution
		Debug|Any CPU = Debug|Any CPU
		Debug|x64 = Debug|x64
		Debug|x86 = Debug|x86
		Release|Any CPU = Release|Any CPU
		Release|x64 = Release|x64
		Release|x86 = Release|x86
	EndGlobalSection
	GlobalSection(ProjectConfigurationPlatforms) = postSolution
		{A506E511-CABE-4133-9B45-722D233B44E7}.Debug|Any CPU.ActiveCfg = Debug|Any CPU
		{A506E511-CABE-4133-9B45-722D233B44E7}.Debug|Any CPU.Build.0 = Debug|Any CPU
		{A506E511-CABE-4133-9B45-722D233B44E7}.Debug|x64.ActiveCfg = Debug|Any CPU
		{A506E511-CABE-4133-9B45-722D233B44E7}.Debug|x64.Build.0 = Debug|Any CPU
		{A506E511-CABE-4133-9B45-722D233B44E7}.Debug|x86.ActiveCfg = Debug|Any CPU
		{A506E511-CABE-4133-9B45-722D233B44E7}.Debug|x86.Build.0 = Debug|Any CPU
		{A506E511-CABE-4133-9B45-722D233B44E7}.Release|Any CPU.ActiveCfg = Release|Any CPU
		{A506E511-CABE-4133-9B45-722D233B44E7}.Release|Any CPU.Build.0 = Release|Any CPU
		{A506E511-CABE-4133-9B45-722D233B44E7}.Release|x64.ActiveCfg = Release|Any CPU
		{A506E511-CABE-4133-9B45-722D233B44E7}.Release|x64.Build.0 = Release|Any CPU
		{A506E511-CABE-4133-9B45-722D233B44E7}.Release|x86.ActiveCfg = Release|Any CPU
		{A506E511-CABE-4133-9B45-722D233B44E7}.Release|x86.Build.0 = Release|Any CPU
		{0375EFD6-86B5-4B5A-9A48-A518FA3D44EA}.Debug|Any CPU.ActiveCfg = Debug|Any CPU
		{0375EFD6-86B5-4B5A-9A48-A518FA3D44EA}.Debug|Any CPU.Build.0 = Debug|Any CPU
		{0375EFD6-86B5-4B5A-9A48-A518FA3D44EA}.Debug|x64.ActiveCfg = Debug|Any CPU
		{0375EFD6-86B5-4B5A-9A48-A518FA3D44EA}.Debug|x64.Build.0 = Debug|Any CPU
		{0375EFD6-86B5-4B5A-9A48-A518FA3D44EA}.Debug|x86.ActiveCfg = Debug|Any CPU
		{0375EFD6-86B5-4B5A-9A48-A518FA3D44EA}.Debug|x86.Build.0 = Debug|Any CPU
		{0375EFD6-86B5-4B5A-9A48-A518FA3D44EA}.Release|Any CPU.ActiveCfg = Release|Any CPU
		{0375EFD6-86B5-4B5A-9A48-A518FA3D44EA}.Release|Any CPU.Build.0 = Release|Any CPU
		{0375EFD6-86B5-4B5A-9A48-A518FA3D44EA}.Release|x64.ActiveCfg = Release|Any CPU
		{0375EFD6-86B5-4B5A-9A48-A518FA3D44EA}.Release|x64.Build.0 = Release|Any CPU
		{0375EFD6-86B5-4B5A-9A48-A518FA3D44EA}.Release|x86.ActiveCfg = Release|Any CPU
		{0375EFD6-86B5-4B5A-9A48-A518FA3D44EA}.Release|x86.Build.0 = Release|Any CPU
	EndGlobalSection
	GlobalSection(SolutionProperties) = preSolution
		HideSolutionNode = FALSE
	EndGlobalSection
	GlobalSection(NestedProjects) = preSolution
		{F8B8E7B2-3D5C-4A1E-9F2B-6C8D1E4F7A9C} = {827E0CD3-B72D-47B6-A68D-7590B98EB39B}
		{A506E511-CABE-4133-9B45-722D233B44E7} = {F8B8E7B2-3D5C-4A1E-9F2B-6C8D1E4F7A9C}
		{D9E4F7A2-6B1C-4E8F-9A3D-5C7E9F2B4A6E} = {0AB3BF05-4346-4AA6-1389-037BE0695223}
		{0375EFD6-86B5-4B5A-9A48-A518FA3D44EA} = {D9E4F7A2-6B1C-4E8F-9A3D-5C7E9F2B4A6E}
	EndGlobalSection
EndGlobal
